
Microsoft Visual Studio Solution File, Format Version 12.00
# Visual Studio Version 17
VisualStudioVersion = 17.14.36203.30 d17.14
MinimumVisualStudioVersion = 10.0.40219.1
Project("{FAE04EC0-301F-11D3-BF4B-00C04F79EFBC}") = "LeMarconnes", "LeMarconnes\LeMarconnes.csproj", "{3DC933B0-3293-4751-93E9-02DC701BD24A}"
EndProject
Project("{FAE04EC0-301F-11D3-BF4B-00C04F79EFBC}") = "API", "API\API.csproj", "{660E2548-5CD8-492A-9860-A48358872DE4}"
EndProject
Project("{FAE04EC0-301F-11D3-BF4B-00C04F79EFBC}") = "CL", "CL\CL.csproj", "{34EAE9FB-0A4F-466E-80C9-FD8B0CA662F7}"
EndProject
Global
	GlobalSection(SolutionConfigurationPlatforms) = preSolution
		Debug|Any CPU = Debug|Any CPU
		Release|Any CPU = Release|Any CPU
	EndGlobalSection
	GlobalSection(ProjectConfigurationPlatforms) = postSolution
		{3DC933B0-3293-4751-93E9-02DC701BD24A}.Debug|Any CPU.ActiveCfg = Debug|Any CPU
		{3DC933B0-3293-4751-93E9-02DC701BD24A}.Debug|Any CPU.Build.0 = Debug|Any CPU
		{3DC933B0-3293-4751-93E9-02DC701BD24A}.Release|Any CPU.ActiveCfg = Release|Any CPU
		{3DC933B0-3293-4751-93E9-02DC701BD24A}.Release|Any CPU.Build.0 = Release|Any CPU
		{660E2548-5CD8-492A-9860-A48358872DE4}.Debug|Any CPU.ActiveCfg = Debug|Any CPU
		{660E2548-5CD8-492A-9860-A48358872DE4}.Debug|Any CPU.Build.0 = Debug|Any CPU
		{660E2548-5CD8-492A-9860-A48358872DE4}.Release|Any CPU.ActiveCfg = Release|Any CPU
		{660E2548-5CD8-492A-9860-A48358872DE4}.Release|Any CPU.Build.0 = Release|Any CPU
		{34EAE9FB-0A4F-466E-80C9-FD8B0CA662F7}.Debug|Any CPU.ActiveCfg = Debug|Any CPU
		{34EAE9FB-0A4F-466E-80C9-FD8B0CA662F7}.Debug|Any CPU.Build.0 = Debug|Any CPU
		{34EAE9FB-0A4F-466E-80C9-FD8B0CA662F7}.Release|Any CPU.ActiveCfg = Release|Any CPU
		{34EAE9FB-0A4F-466E-80C9-FD8B0CA662F7}.Release|Any CPU.Build.0 = Release|Any CPU
	EndGlobalSection
	GlobalSection(SolutionProperties) = preSolution
		HideSolutionNode = FALSE
	EndGlobalSection
	GlobalSection(ExtensibilityGlobals) = postSolution
		SolutionGuid = {17025960-CF9D-4B6B-B420-046036777AD3}
	EndGlobalSection
EndGlobal
